
Microsoft Visual Studio Solution File, Format Version 12.00
# Visual Studio 15
VisualStudioVersion = 15.0.28307.168
MinimumVisualStudioVersion = 10.0.40219.1
Project("{FAE04EC0-301F-11D3-BF4B-00C04F79EFBC}") = "Interfaz", "Interfaz\Interfaz.csproj", "{811FC8B6-95AA-4925-8EAF-E4DF7921E920}"
EndProject
Project("{FAE04EC0-301F-11D3-BF4B-00C04F79EFBC}") = "Logica", "Logica\Logica.csproj", "{7AAC181C-EF57-41BF-BABB-0F05542B7396}"
EndProject
Global
	GlobalSection(SolutionConfigurationPlatforms) = preSolution
		Debug|Any CPU = Debug|Any CPU
		Release|Any CPU = Release|Any CPU
	EndGlobalSection
	GlobalSection(ProjectConfigurationPlatforms) = postSolution
		{811FC8B6-95AA-4925-8EAF-E4DF7921E920}.Debug|Any CPU.ActiveCfg = Debug|Any CPU
		{811FC8B6-95AA-4925-8EAF-E4DF7921E920}.Debug|Any CPU.Build.0 = Debug|Any CPU
		{811FC8B6-95AA-4925-8EAF-E4DF7921E920}.Release|Any CPU.ActiveCfg = Release|Any CPU
		{811FC8B6-95AA-4925-8EAF-E4DF7921E920}.Release|Any CPU.Build.0 = Release|Any CPU
		{7AAC181C-EF57-41BF-BABB-0F05542B7396}.Debug|Any CPU.ActiveCfg = Debug|Any CPU
		{7AAC181C-EF57-41BF-BABB-0F05542B7396}.Debug|Any CPU.Build.0 = Debug|Any CPU
		{7AAC181C-EF57-41BF-BABB-0F05542B7396}.Release|Any CPU.ActiveCfg = Release|Any CPU
		{7AAC181C-EF57-41BF-BABB-0F05542B7396}.Release|Any CPU.Build.0 = Release|Any CPU
	EndGlobalSection
	GlobalSection(SolutionProperties) = preSolution
		HideSolutionNode = FALSE
	EndGlobalSection
	GlobalSection(ExtensibilityGlobals) = postSolution
		SolutionGuid = {756461CB-2D51-41E7-9B3C-4DA6368FBEE6}
	EndGlobalSection
EndGlobal
